// !$*UTF8*$!
{
	archiveVersion = 1;
	classes = {
	};
	objectVersion = 46;
	objects = {

/* Begin PBXBuildFile section */
		398B79F3198A273200A04627 /* Foundation.framework in Frameworks */ = {isa = PBXBuildFile; fileRef = 398B79F2198A273200A04627 /* Foundation.framework */; };
		398B79F5198A273200A04627 /* CoreGraphics.framework in Frameworks */ = {isa = PBXBuildFile; fileRef = 398B79F4198A273200A04627 /* CoreGraphics.framework */; };
		398B79F7198A273200A04627 /* UIKit.framework in Frameworks */ = {isa = PBXBuildFile; fileRef = 398B79F6198A273200A04627 /* UIKit.framework */; };
		398B79FD198A273200A04627 /* InfoPlist.strings in Resources */ = {isa = PBXBuildFile; fileRef = 398B79FB198A273200A04627 /* InfoPlist.strings */; };
		398B79FF198A273200A04627 /* main.m in Sources */ = {isa = PBXBuildFile; fileRef = 398B79FE198A273200A04627 /* main.m */; };
		398B7A03198A273200A04627 /* AppDelegate.m in Sources */ = {isa = PBXBuildFile; fileRef = 398B7A02198A273200A04627 /* AppDelegate.m */; };
		398B7A06198A273200A04627 /* Main.storyboard in Resources */ = {isa = PBXBuildFile; fileRef = 398B7A04198A273200A04627 /* Main.storyboard */; };
		398B7A09198A273200A04627 /* ViewController.m in Sources */ = {isa = PBXBuildFile; fileRef = 398B7A08198A273200A04627 /* ViewController.m */; };
		398B7A0B198A273200A04627 /* Images.xcassets in Resources */ = {isa = PBXBuildFile; fileRef = 398B7A0A198A273200A04627 /* Images.xcassets */; };
		398B7A12198A273200A04627 /* XCTest.framework in Frameworks */ = {isa = PBXBuildFile; fileRef = 398B7A11198A273200A04627 /* XCTest.framework */; };
		398B7A13198A273200A04627 /* Foundation.framework in Frameworks */ = {isa = PBXBuildFile; fileRef = 398B79F2198A273200A04627 /* Foundation.framework */; };
		398B7A14198A273200A04627 /* UIKit.framework in Frameworks */ = {isa = PBXBuildFile; fileRef = 398B79F6198A273200A04627 /* UIKit.framework */; };
		398B7A1C198A273200A04627 /* InfoPlist.strings in Resources */ = {isa = PBXBuildFile; fileRef = 398B7A1A198A273200A04627 /* InfoPlist.strings */; };
		398B7A1E198A273200A04627 /* cqnews_v3Tests.m in Sources */ = {isa = PBXBuildFile; fileRef = 398B7A1D198A273200A04627 /* cqnews_v3Tests.m */; };
/* End PBXBuildFile section */

/* Begin PBXContainerItemProxy section */
		398B7A15198A273200A04627 /* PBXContainerItemProxy */ = {
			isa = PBXContainerItemProxy;
			containerPortal = 398B79E7198A273200A04627 /* Project object */;
			proxyType = 1;
			remoteGlobalIDString = 398B79EE198A273200A04627;
			remoteInfo = cqnews_v3;
		};
/* End PBXContainerItemProxy section */

/* Begin PBXFileReference section */
		398B79EF198A273200A04627 /* cqnews_v3.app */ = {isa = PBXFileReference; explicitFileType = wrapper.application; includeInIndex = 0; path = cqnews_v3.app; sourceTree = BUILT_PRODUCTS_DIR; };
		398B79F2198A273200A04627 /* Foundation.framework */ = {isa = PBXFileReference; lastKnownFileType = wrapper.framework; name = Foundation.framework; path = System/Library/Frameworks/Foundation.framework; sourceTree = SDKROOT; };
		398B79F4198A273200A04627 /* CoreGraphics.framework */ = {isa = PBXFileReference; lastKnownFileType = wrapper.framework; name = CoreGraphics.framework; path = System/Library/Frameworks/CoreGraphics.framework; sourceTree = SDKROOT; };
		398B79F6198A273200A04627 /* UIKit.framework */ = {isa = PBXFileReference; lastKnownFileType = wrapper.framework; name = UIKit.framework; path = System/Library/Frameworks/UIKit.framework; sourceTree = SDKROOT; };
		398B79FA198A273200A04627 /* cqnews_v3-Info.plist */ = {isa = PBXFileReference; lastKnownFileType = text.plist.xml; path = "cqnews_v3-Info.plist"; sourceTree = "<group>"; };
		398B79FC198A273200A04627 /* en */ = {isa = PBXFileReference; lastKnownFileType = text.plist.strings; name = en; path = en.lproj/InfoPlist.strings; sourceTree = "<group>"; };
		398B79FE198A273200A04627 /* main.m */ = {isa = PBXFileReference; lastKnownFileType = sourcecode.c.objc; path = main.m; sourceTree = "<group>"; };
		398B7A00198A273200A04627 /* cqnews_v3-Prefix.pch */ = {isa = PBXFileReference; lastKnownFileType = sourcecode.c.h; path = "cqnews_v3-Prefix.pch"; sourceTree = "<group>"; };
		398B7A01198A273200A04627 /* AppDelegate.h */ = {isa = PBXFileReference; lastKnownFileType = sourcecode.c.h; path = AppDelegate.h; sourceTree = "<group>"; };
		398B7A02198A273200A04627 /* AppDelegate.m */ = {isa = PBXFileReference; lastKnownFileType = sourcecode.c.objc; path = AppDelegate.m; sourceTree = "<group>"; };
		398B7A05198A273200A04627 /* Base */ = {isa = PBXFileReference; lastKnownFileType = file.storyboard; name = Base; path = Base.lproj/Main.storyboard; sourceTree = "<group>"; };
		398B7A07198A273200A04627 /* ViewController.h */ = {isa = PBXFileReference; lastKnownFileType = sourcecode.c.h; path = ViewController.h; sourceTree = "<group>"; };
		398B7A08198A273200A04627 /* ViewController.m */ = {isa = PBXFileReference; lastKnownFileType = sourcecode.c.objc; path = ViewController.m; sourceTree = "<group>"; };
		398B7A0A198A273200A04627 /* Images.xcassets */ = {isa = PBXFileReference; lastKnownFileType = folder.assetcatalog; path = Images.xcassets; sourceTree = "<group>"; };
		398B7A10198A273200A04627 /* cqnews_v3Tests.xctest */ = {isa = PBXFileReference; explicitFileType = wrapper.cfbundle; includeInIndex = 0; path = cqnews_v3Tests.xctest; sourceTree = BUILT_PRODUCTS_DIR; };
		398B7A11198A273200A04627 /* XCTest.framework */ = {isa = PBXFileReference; lastKnownFileType = wrapper.framework; name = XCTest.framework; path = Library/Frameworks/XCTest.framework; sourceTree = DEVELOPER_DIR; };
		398B7A19198A273200A04627 /* cqnews_v3Tests-Info.plist */ = {isa = PBXFileReference; lastKnownFileType = text.plist.xml; path = "cqnews_v3Tests-Info.plist"; sourceTree = "<group>"; };
		398B7A1B198A273200A04627 /* en */ = {isa = PBXFileReference; lastKnownFileType = text.plist.strings; name = en; path = en.lproj/InfoPlist.strings; sourceTree = "<group>"; };
		398B7A1D198A273200A04627 /* cqnews_v3Tests.m */ = {isa = PBXFileReference; lastKnownFileType = sourcecode.c.objc; path = cqnews_v3Tests.m; sourceTree = "<group>"; };
/* End PBXFileReference section */

/* Begin PBXFrameworksBuildPhase section */
		398B79EC198A273200A04627 /* Frameworks */ = {
			isa = PBXFrameworksBuildPhase;
			buildActionMask = 2147483647;
			files = (
				398B79F5198A273200A04627 /* CoreGraphics.framework in Frameworks */,
				398B79F7198A273200A04627 /* UIKit.framework in Frameworks */,
				398B79F3198A273200A04627 /* Foundation.framework in Frameworks */,
			);
			runOnlyForDeploymentPostprocessing = 0;
		};
		398B7A0D198A273200A04627 /* Frameworks */ = {
			isa = PBXFrameworksBuildPhase;
			buildActionMask = 2147483647;
			files = (
				398B7A12198A273200A04627 /* XCTest.framework in Frameworks */,
				398B7A14198A273200A04627 /* UIKit.framework in Frameworks */,
				398B7A13198A273200A04627 /* Foundation.framework in Frameworks */,
			);
			runOnlyForDeploymentPostprocessing = 0;
		};
/* End PBXFrameworksBuildPhase section */

/* Begin PBXGroup section */
		398B79E6198A273200A04627 = {
			isa = PBXGroup;
			children = (
				398B79F8198A273200A04627 /* cqnews_v3 */,
				398B7A17198A273200A04627 /* cqnews_v3Tests */,
				398B79F1198A273200A04627 /* Frameworks */,
				398B79F0198A273200A04627 /* Products */,
			);
			sourceTree = "<group>";
		};
		398B79F0198A273200A04627 /* Products */ = {
			isa = PBXGroup;
			children = (
				398B79EF198A273200A04627 /* cqnews_v3.app */,
				398B7A10198A273200A04627 /* cqnews_v3Tests.xctest */,
			);
			name = Products;
			sourceTree = "<group>";
		};
		398B79F1198A273200A04627 /* Frameworks */ = {
			isa = PBXGroup;
			children = (
				398B79F2198A273200A04627 /* Foundation.framework */,
				398B79F4198A273200A04627 /* CoreGraphics.framework */,
				398B79F6198A273200A04627 /* UIKit.framework */,
				398B7A11198A273200A04627 /* XCTest.framework */,
			);
			name = Frameworks;
			sourceTree = "<group>";
		};
		398B79F8198A273200A04627 /* cqnews_v3 */ = {
			isa = PBXGroup;
			children = (
				398B7A01198A273200A04627 /* AppDelegate.h */,
				398B7A02198A273200A04627 /* AppDelegate.m */,
				398B7A04198A273200A04627 /* Main.storyboard */,
				398B7A07198A273200A04627 /* ViewController.h */,
				398B7A08198A273200A04627 /* ViewController.m */,
				398B7A0A198A273200A04627 /* Images.xcassets */,
				398B79F9198A273200A04627 /* Supporting Files */,
			);
			path = cqnews_v3;
			sourceTree = "<group>";
		};
		398B79F9198A273200A04627 /* Supporting Files */ = {
			isa = PBXGroup;
			children = (
				398B79FA198A273200A04627 /* cqnews_v3-Info.plist */,
				398B79FB198A273200A04627 /* InfoPlist.strings */,
				398B79FE198A273200A04627 /* main.m */,
				398B7A00198A273200A04627 /* cqnews_v3-Prefix.pch */,
			);
			name = "Supporting Files";
			sourceTree = "<group>";
		};
		398B7A17198A273200A04627 /* cqnews_v3Tests */ = {
			isa = PBXGroup;
			children = (
				398B7A1D198A273200A04627 /* cqnews_v3Tests.m */,
				398B7A18198A273200A04627 /* Supporting Files */,
			);
			path = cqnews_v3Tests;
			sourceTree = "<group>";
		};
		398B7A18198A273200A04627 /* Supporting Files */ = {
			isa = PBXGroup;
			children = (
				398B7A19198A273200A04627 /* cqnews_v3Tests-Info.plist */,
				398B7A1A198A273200A04627 /* InfoPlist.strings */,
			);
			name = "Supporting Files";
			sourceTree = "<group>";
		};
/* End PBXGroup section */

/* Begin PBXNativeTarget section */
		398B79EE198A273200A04627 /* cqnews_v3 */ = {
			isa = PBXNativeTarget;
			buildConfigurationList = 398B7A21198A273200A04627 /* Build configuration list for PBXNativeTarget "cqnews_v3" */;
			buildPhases = (
				398B79EB198A273200A04627 /* Sources */,
				398B79EC198A273200A04627 /* Frameworks */,
				398B79ED198A273200A04627 /* Resources */,
			);
			buildRules = (
			);
			dependencies = (
			);
			name = cqnews_v3;
			productName = cqnews_v3;
			productReference = 398B79EF198A273200A04627 /* cqnews_v3.app */;
			productType = "com.apple.product-type.application";
		};
		398B7A0F198A273200A04627 /* cqnews_v3Tests */ = {
			isa = PBXNativeTarget;
			buildConfigurationList = 398B7A24198A273200A04627 /* Build configuration list for PBXNativeTarget "cqnews_v3Tests" */;
			buildPhases = (
				398B7A0C198A273200A04627 /* Sources */,
				398B7A0D198A273200A04627 /* Frameworks */,
				398B7A0E198A273200A04627 /* Resources */,
			);
			buildRules = (
			);
			dependencies = (
				398B7A16198A273200A04627 /* PBXTargetDependency */,
			);
			name = cqnews_v3Tests;
			productName = cqnews_v3Tests;
			productReference = 398B7A10198A273200A04627 /* cqnews_v3Tests.xctest */;
			productType = "com.apple.product-type.bundle.unit-test";
		};
/* End PBXNativeTarget section */

/* Begin PBXProject section */
		398B79E7198A273200A04627 /* Project object */ = {
			isa = PBXProject;
			attributes = {
				LastUpgradeCheck = 0510;
				ORGANIZATIONNAME = cqnews;
				TargetAttributes = {
					398B7A0F198A273200A04627 = {
						TestTargetID = 398B79EE198A273200A04627;
					};
				};
			};
			buildConfigurationList = 398B79EA198A273200A04627 /* Build configuration list for PBXProject "cqnews_v3" */;
			compatibilityVersion = "Xcode 3.2";
			developmentRegion = English;
			hasScannedForEncodings = 0;
			knownRegions = (
				en,
				Base,
			);
			mainGroup = 398B79E6198A273200A04627;
			productRefGroup = 398B79F0198A273200A04627 /* Products */;
			projectDirPath = "";
			projectRoot = "";
			targets = (
				398B79EE198A273200A04627 /* cqnews_v3 */,
				398B7A0F198A273200A04627 /* cqnews_v3Tests */,
			);
		};
/* End PBXProject section */

/* Begin PBXResourcesBuildPhase section */
		398B79ED198A273200A04627 /* Resources */ = {
			isa = PBXResourcesBuildPhase;
			buildActionMask = 2147483647;
			files = (
				398B7A0B198A273200A04627 /* Images.xcassets in Resources */,
				398B79FD198A273200A04627 /* InfoPlist.strings in Resources */,
				398B7A06198A273200A04627 /* Main.storyboard in Resources */,
			);
			runOnlyForDeploymentPostprocessing = 0;
		};
		398B7A0E198A273200A04627 /* Resources */ = {
			isa = PBXResourcesBuildPhase;
			buildActionMask = 2147483647;
			files = (
				398B7A1C198A273200A04627 /* InfoPlist.strings in Resources */,
			);
			runOnlyForDeploymentPostprocessing = 0;
		};
/* End PBXResourcesBuildPhase section */

/* Begin PBXSourcesBuildPhase section */
		398B79EB198A273200A04627 /* Sources */ = {
			isa = PBXSourcesBuildPhase;
			buildActionMask = 2147483647;
			files = (
				398B7A09198A273200A04627 /* ViewController.m in Sources */,
				398B7A03198A273200A04627 /* AppDelegate.m in Sources */,
				398B79FF198A273200A04627 /* main.m in Sources */,
			);
			runOnlyForDeploymentPostprocessing = 0;
		};
		398B7A0C198A273200A04627 /* Sources */ = {
			isa = PBXSourcesBuildPhase;
			buildActionMask = 2147483647;
			files = (
				398B7A1E198A273200A04627 /* cqnews_v3Tests.m in Sources */,
			);
			runOnlyForDeploymentPostprocessing = 0;
		};
/* End PBXSourcesBuildPhase section */

/* Begin PBXTargetDependency section */
		398B7A16198A273200A04627 /* PBXTargetDependency */ = {
			isa = PBXTargetDependency;
			target = 398B79EE198A273200A04627 /* cqnews_v3 */;
			targetProxy = 398B7A15198A273200A04627 /* PBXContainerItemProxy */;
		};
/* End PBXTargetDependency section */

/* Begin PBXVariantGroup section */
		398B79FB198A273200A04627 /* InfoPlist.strings */ = {
			isa = PBXVariantGroup;
			children = (
				398B79FC198A273200A04627 /* en */,
			);
			name = InfoPlist.strings;
			sourceTree = "<group>";
		};
		398B7A04198A273200A04627 /* Main.storyboard */ = {
			isa = PBXVariantGroup;
			children = (
				398B7A05198A273200A04627 /* Base */,
			);
			name = Main.storyboard;
			sourceTree = "<group>";
		};
		398B7A1A198A273200A04627 /* InfoPlist.strings */ = {
			isa = PBXVariantGroup;
			children = (
				398B7A1B198A273200A04627 /* en */,
			);
			name = InfoPlist.strings;
			sourceTree = "<group>";
		};
/* End PBXVariantGroup section */

/* Begin XCBuildConfiguration section */
		398B7A1F198A273200A04627 /* Debug */ = {
			isa = XCBuildConfiguration;
			buildSettings = {
				ALWAYS_SEARCH_USER_PATHS = NO;
				CLANG_CXX_LANGUAGE_STANDARD = "gnu++0x";
				CLANG_CXX_LIBRARY = "libc++";
				CLANG_ENABLE_MODULES = YES;
				CLANG_ENABLE_OBJC_ARC = YES;
				CLANG_WARN_BOOL_CONVERSION = YES;
				CLANG_WARN_CONSTANT_CONVERSION = YES;
				CLANG_WARN_DIRECT_OBJC_ISA_USAGE = YES_ERROR;
				CLANG_WARN_EMPTY_BODY = YES;
				CLANG_WARN_ENUM_CONVERSION = YES;
				CLANG_WARN_INT_CONVERSION = YES;
				CLANG_WARN_OBJC_ROOT_CLASS = YES_ERROR;
				CLANG_WARN__DUPLICATE_METHOD_MATCH = YES;
				"CODE_SIGN_IDENTITY[sdk=iphoneos*]" = "iPhone Developer";
				COPY_PHASE_STRIP = NO;
				GCC_C_LANGUAGE_STANDARD = gnu99;
				GCC_DYNAMIC_NO_PIC = NO;
				GCC_OPTIMIZATION_LEVEL = 0;
				GCC_PREPROCESSOR_DEFINITIONS = (
					"DEBUG=1",
					"$(inherited)",
				);
				GCC_SYMBOLS_PRIVATE_EXTERN = NO;
				GCC_WARN_64_TO_32_BIT_CONVERSION = YES;
				GCC_WARN_ABOUT_RETURN_TYPE = YES_ERROR;
				GCC_WARN_UNDECLARED_SELECTOR = YES;
				GCC_WARN_UNINITIALIZED_AUTOS = YES_AGGRESSIVE;
				GCC_WARN_UNUSED_FUNCTION = YES;
				GCC_WARN_UNUSED_VARIABLE = YES;
				IPHONEOS_DEPLOYMENT_TARGET = 7.1;
				ONLY_ACTIVE_ARCH = YES;
				SDKROOT = iphoneos;
			};
			name = Debug;
		};
		398B7A20198A273200A04627 /* Release */ = {
			isa = XCBuildConfiguration;
			buildSettings = {
				ALWAYS_SEARCH_USER_PATHS = NO;
				CLANG_CXX_LANGUAGE_STANDARD = "gnu++0x";
				CLANG_CXX_LIBRARY = "libc++";
				CLANG_ENABLE_MODULES = YES;
				CLANG_ENABLE_OBJC_ARC = YES;
				CLANG_WARN_BOOL_CONVERSION = YES;
				CLANG_WARN_CONSTANT_CONVERSION = YES;
				CLANG_WARN_DIRECT_OBJC_ISA_USAGE = YES_ERROR;
				CLANG_WARN_EMPTY_BODY = YES;
				CLANG_WARN_ENUM_CONVERSION = YES;
				CLANG_WARN_INT_CONVERSION = YES;
				CLANG_WARN_OBJC_ROOT_CLASS = YES_ERROR;
				CLANG_WARN__DUPLICATE_METHOD_MATCH = YES;
				"CODE_SIGN_IDENTITY[sdk=iphoneos*]" = "iPhone Developer";
				COPY_PHASE_STRIP = YES;
				ENABLE_NS_ASSERTIONS = NO;
				GCC_C_LANGUAGE_STANDARD = gnu99;
				GCC_WARN_64_TO_32_BIT_CONVERSION = YES;
				GCC_WARN_ABOUT_RETURN_TYPE = YES_ERROR;
				GCC_WARN_UNDECLARED_SELECTOR = YES;
				GCC_WARN_UNINITIALIZED_AUTOS = YES_AGGRESSIVE;
				GCC_WARN_UNUSED_FUNCTION = YES;
				GCC_WARN_UNUSED_VARIABLE = YES;
				IPHONEOS_DEPLOYMENT_TARGET = 7.1;
				SDKROOT = iphoneos;
				VALIDATE_PRODUCT = YES;
			};
			name = Release;
		};
		398B7A22198A273200A04627 /* Debug */ = {
			isa = XCBuildConfiguration;
			buildSettings = {
				ASSETCATALOG_COMPILER_APPICON_NAME = AppIcon;
				ASSETCATALOG_COMPILER_LAUNCHIMAGE_NAME = LaunchImage;
				GCC_PRECOMPILE_PREFIX_HEADER = YES;
				GCC_PREFIX_HEADER = "cqnews_v3/cqnews_v3-Prefix.pch";
				INFOPLIST_FILE = "cqnews_v3/cqnews_v3-Info.plist";
				PRODUCT_NAME = "$(TARGET_NAME)";
				WRAPPER_EXTENSION = app;
			};
			name = Debug;
		};
		398B7A23198A273200A04627 /* Release */ = {
			isa = XCBuildConfiguration;
			buildSettings = {
				ASSETCATALOG_COMPILER_APPICON_NAME = AppIcon;
				ASSETCATALOG_COMPILER_LAUNCHIMAGE_NAME = LaunchImage;
				GCC_PRECOMPILE_PREFIX_HEADER = YES;
				GCC_PREFIX_HEADER = "cqnews_v3/cqnews_v3-Prefix.pch";
				INFOPLIST_FILE = "cqnews_v3/cqnews_v3-Info.plist";
				PRODUCT_NAME = "$(TARGET_NAME)";
				WRAPPER_EXTENSION = app;
			};
			name = Release;
		};
		398B7A25198A273200A04627 /* Debug */ = {
			isa = XCBuildConfiguration;
			buildSettings = {
				BUNDLE_LOADER = "$(BUILT_PRODUCTS_DIR)/cqnews_v3.app/cqnews_v3";
				FRAMEWORK_SEARCH_PATHS = (
					"$(SDKROOT)/Developer/Library/Frameworks",
					"$(inherited)",
					"$(DEVELOPER_FRAMEWORKS_DIR)",
				);
				GCC_PRECOMPILE_PREFIX_HEADER = YES;
				GCC_PREFIX_HEADER = "cqnews_v3/cqnews_v3-Prefix.pch";
				GCC_PREPROCESSOR_DEFINITIONS = (
					"DEBUG=1",
					"$(inherited)",
				);
				INFOPLIST_FILE = "cqnews_v3Tests/cqnews_v3Tests-Info.plist";
				PRODUCT_NAME = "$(TARGET_NAME)";
				TEST_HOST = "$(BUNDLE_LOADER)";
				WRAPPER_EXTENSION = xctest;
			};
			name = Debug;
		};
		398B7A26198A273200A04627 /* Release */ = {
			isa = XCBuildConfiguration;
			buildSettings = {
				BUNDLE_LOADER = "$(BUILT_PRODUCTS_DIR)/cqnews_v3.app/cqnews_v3";
				FRAMEWORK_SEARCH_PATHS = (
					"$(SDKROOT)/Developer/Library/Frameworks",
					"$(inherited)",
					"$(DEVELOPER_FRAMEWORKS_DIR)",
				);
				GCC_PRECOMPILE_PREFIX_HEADER = YES;
				GCC_PREFIX_HEADER = "cqnews_v3/cqnews_v3-Prefix.pch";
				INFOPLIST_FILE = "cqnews_v3Tests/cqnews_v3Tests-Info.plist";
				PRODUCT_NAME = "$(TARGET_NAME)";
				TEST_HOST = "$(BUNDLE_LOADER)";
				WRAPPER_EXTENSION = xctest;
			};
			name = Release;
		};
/* End XCBuildConfiguration section */

/* Begin XCConfigurationList section */
		398B79EA198A273200A04627 /* Build configuration list for PBXProject "cqnews_v3" */ = {
			isa = XCConfigurationList;
			buildConfigurations = (
				398B7A1F198A273200A04627 /* Debug */,
				398B7A20198A273200A04627 /* Release */,
			);
			defaultConfigurationIsVisible = 0;
			defaultConfigurationName = Release;
		};
		398B7A21198A273200A04627 /* Build configuration list for PBXNativeTarget "cqnews_v3" */ = {
			isa = XCConfigurationList;
			buildConfigurations = (
				398B7A22198A273200A04627 /* Debug */,
				398B7A23198A273200A04627 /* Release */,
			);
			defaultConfigurationIsVisible = 0;
		};
		398B7A24198A273200A04627 /* Build configuration list for PBXNativeTarget "cqnews_v3Tests" */ = {
			isa = XCConfigurationList;
			buildConfigurations = (
				398B7A25198A273200A04627 /* Debug */,
				398B7A26198A273200A04627 /* Release */,
			);
			defaultConfigurationIsVisible = 0;
		};
/* End XCConfigurationList section */
	};
	rootObject = 398B79E7198A273200A04627 /* Project object */;
}
